
Microsoft Visual Studio Solution File, Format Version 12.00
# Visual Studio Version 16
VisualStudioVersion = 16.0.30114.105
MinimumVisualStudioVersion = 10.0.40219.1
Project("{FAE04EC0-301F-11D3-BF4B-00C04F79EFBC}") = "Qkmaxware.Blazor.NodeEditor", "Qkmaxware.Blazor.NodeEditor\Qkmaxware.Blazor.NodeEditor.csproj", "{1AE8341E-B33A-432B-8783-63F85E33FB16}"
EndProject
Project("{FAE04EC0-301F-11D3-BF4B-00C04F79EFBC}") = "Test", "Test\Test.csproj", "{4708B66A-95B5-43DB-8E54-961DAE52A0A3}"
EndProject
Global
	GlobalSection(SolutionConfigurationPlatforms) = preSolution
		Debug|Any CPU = Debug|Any CPU
		Debug|x64 = Debug|x64
		Debug|x86 = Debug|x86
		Release|Any CPU = Release|Any CPU
		Release|x64 = Release|x64
		Release|x86 = Release|x86
	EndGlobalSection
	GlobalSection(SolutionProperties) = preSolution
		HideSolutionNode = FALSE
	EndGlobalSection
	GlobalSection(ProjectConfigurationPlatforms) = postSolution
		{1AE8341E-B33A-432B-8783-63F85E33FB16}.Debug|Any CPU.ActiveCfg = Debug|Any CPU
		{1AE8341E-B33A-432B-8783-63F85E33FB16}.Debug|Any CPU.Build.0 = Debug|Any CPU
		{1AE8341E-B33A-432B-8783-63F85E33FB16}.Debug|x64.ActiveCfg = Debug|Any CPU
		{1AE8341E-B33A-432B-8783-63F85E33FB16}.Debug|x64.Build.0 = Debug|Any CPU
		{1AE8341E-B33A-432B-8783-63F85E33FB16}.Debug|x86.ActiveCfg = Debug|Any CPU
		{1AE8341E-B33A-432B-8783-63F85E33FB16}.Debug|x86.Build.0 = Debug|Any CPU
		{1AE8341E-B33A-432B-8783-63F85E33FB16}.Release|Any CPU.ActiveCfg = Release|Any CPU
		{1AE8341E-B33A-432B-8783-63F85E33FB16}.Release|Any CPU.Build.0 = Release|Any CPU
		{1AE8341E-B33A-432B-8783-63F85E33FB16}.Release|x64.ActiveCfg = Release|Any CPU
		{1AE8341E-B33A-432B-8783-63F85E33FB16}.Release|x64.Build.0 = Release|Any CPU
		{1AE8341E-B33A-432B-8783-63F85E33FB16}.Release|x86.ActiveCfg = Release|Any CPU
		{1AE8341E-B33A-432B-8783-63F85E33FB16}.Release|x86.Build.0 = Release|Any CPU
		{4708B66A-95B5-43DB-8E54-961DAE52A0A3}.Debug|Any CPU.ActiveCfg = Debug|Any CPU
		{4708B66A-95B5-43DB-8E54-961DAE52A0A3}.Debug|Any CPU.Build.0 = Debug|Any CPU
		{4708B66A-95B5-43DB-8E54-961DAE52A0A3}.Debug|x64.ActiveCfg = Debug|Any CPU
		{4708B66A-95B5-43DB-8E54-961DAE52A0A3}.Debug|x64.Build.0 = Debug|Any CPU
		{4708B66A-95B5-43DB-8E54-961DAE52A0A3}.Debug|x86.ActiveCfg = Debug|Any CPU
		{4708B66A-95B5-43DB-8E54-961DAE52A0A3}.Debug|x86.Build.0 = Debug|Any CPU
		{4708B66A-95B5-43DB-8E54-961DAE52A0A3}.Release|Any CPU.ActiveCfg = Release|Any CPU
		{4708B66A-95B5-43DB-8E54-961DAE52A0A3}.Release|Any CPU.Build.0 = Release|Any CPU
		{4708B66A-95B5-43DB-8E54-961DAE52A0A3}.Release|x64.ActiveCfg = Release|Any CPU
		{4708B66A-95B5-43DB-8E54-961DAE52A0A3}.Release|x64.Build.0 = Release|Any CPU
		{4708B66A-95B5-43DB-8E54-961DAE52A0A3}.Release|x86.ActiveCfg = Release|Any CPU
		{4708B66A-95B5-43DB-8E54-961DAE52A0A3}.Release|x86.Build.0 = Release|Any CPU
	EndGlobalSection
EndGlobal
